
Microsoft Visual Studio Solution File, Format Version 12.00
# Visual Studio Version 17
VisualStudioVersion = 17.1.32210.238
MinimumVisualStudioVersion = 10.0.40219.1
Project("{FAE04EC0-301F-11D3-BF4B-00C04F79EFBC}") = "ActiveMQ_WpfAppConsumer", "ActiveMQ_WpfAppConsumer\ActiveMQ_WpfAppConsumer.csproj", "{945ED5E9-A3C5-4A64-BF4B-838AA345C4EA}"
EndProject
Global
	GlobalSection(SolutionConfigurationPlatforms) = preSolution
		Debug|Any CPU = Debug|Any CPU
		Release|Any CPU = Release|Any CPU
	EndGlobalSection
	GlobalSection(ProjectConfigurationPlatforms) = postSolution
		{945ED5E9-A3C5-4A64-BF4B-838AA345C4EA}.Debug|Any CPU.ActiveCfg = Debug|Any CPU
		{945ED5E9-A3C5-4A64-BF4B-838AA345C4EA}.Debug|Any CPU.Build.0 = Debug|Any CPU
		{945ED5E9-A3C5-4A64-BF4B-838AA345C4EA}.Release|Any CPU.ActiveCfg = Release|Any CPU
		{945ED5E9-A3C5-4A64-BF4B-838AA345C4EA}.Release|Any CPU.Build.0 = Release|Any CPU
	EndGlobalSection
	GlobalSection(SolutionProperties) = preSolution
		HideSolutionNode = FALSE
	EndGlobalSection
	GlobalSection(ExtensibilityGlobals) = postSolution
		SolutionGuid = {96D2642B-E52A-4B62-954F-66F716EC6B2B}
	EndGlobalSection
EndGlobal
